
Microsoft Visual Studio Solution File, Format Version 12.00
# Visual Studio Version 17
VisualStudioVersion = 17.10.34916.146
MinimumVisualStudioVersion = 10.0.40219.1
Project("{FAE04EC0-301F-11D3-BF4B-00C04F79EFBC}") = "Syed_Traders", "Syed_Traders\Syed_Traders.csproj", "{37B6AE22-19AC-4158-97AF-3F6FBF54F1E2}"
EndProject
Global
	GlobalSection(SolutionConfigurationPlatforms) = preSolution
		Debug|Any CPU = Debug|Any CPU
		Release|Any CPU = Release|Any CPU
	EndGlobalSection
	GlobalSection(ProjectConfigurationPlatforms) = postSolution
		{37B6AE22-19AC-4158-97AF-3F6FBF54F1E2}.Debug|Any CPU.ActiveCfg = Debug|Any CPU
		{37B6AE22-19AC-4158-97AF-3F6FBF54F1E2}.Debug|Any CPU.Build.0 = Debug|Any CPU
		{37B6AE22-19AC-4158-97AF-3F6FBF54F1E2}.Release|Any CPU.ActiveCfg = Release|Any CPU
		{37B6AE22-19AC-4158-97AF-3F6FBF54F1E2}.Release|Any CPU.Build.0 = Release|Any CPU
	EndGlobalSection
	GlobalSection(SolutionProperties) = preSolution
		HideSolutionNode = FALSE
	EndGlobalSection
	GlobalSection(ExtensibilityGlobals) = postSolution
		SolutionGuid = {2074AC3A-64C9-4B20-AEB2-52B83AE95484}
	EndGlobalSection
EndGlobal
